
Microsoft Visual Studio Solution File, Format Version 12.00
# Visual Studio 15
VisualStudioVersion = 15.0.28307.1401
MinimumVisualStudioVersion = 10.0.40219.1
Project("{FAE04EC0-301F-11D3-BF4B-00C04F79EFBC}") = "01_Shapes", "01_Shapes\01_Shapes.csproj", "{463B6879-E072-4097-8F83-1418621226F4}"
EndProject
Global
	GlobalSection(SolutionConfigurationPlatforms) = preSolution
		Debug|Any CPU = Debug|Any CPU
		Release|Any CPU = Release|Any CPU
	EndGlobalSection
	GlobalSection(ProjectConfigurationPlatforms) = postSolution
		{463B6879-E072-4097-8F83-1418621226F4}.Debug|Any CPU.ActiveCfg = Debug|Any CPU
		{463B6879-E072-4097-8F83-1418621226F4}.Debug|Any CPU.Build.0 = Debug|Any CPU
		{463B6879-E072-4097-8F83-1418621226F4}.Release|Any CPU.ActiveCfg = Release|Any CPU
		{463B6879-E072-4097-8F83-1418621226F4}.Release|Any CPU.Build.0 = Release|Any CPU
	EndGlobalSection
	GlobalSection(SolutionProperties) = preSolution
		HideSolutionNode = FALSE
	EndGlobalSection
	GlobalSection(ExtensibilityGlobals) = postSolution
		SolutionGuid = {5A1F52B5-F7B9-4EAD-AE78-7CD99FF9608A}
	EndGlobalSection
EndGlobal
